// !$*UTF8*$!
{
	archiveVersion = 1;
	classes = {
	};
	objectVersion = 46;
	objects = {

/* Begin PBXBuildFile section */
		5276D6EF1DD17A1B003F910A /* AppDelegate.swift in Sources */ = {isa = PBXBuildFile; fileRef = 5276D6EE1DD17A1B003F910A /* AppDelegate.swift */; };
		5276D6F11DD17A1B003F910A /* ViewController.swift in Sources */ = {isa = PBXBuildFile; fileRef = 5276D6F01DD17A1B003F910A /* ViewController.swift */; };
		5276D6F41DD17A1B003F910A /* Main.storyboard in Resources */ = {isa = PBXBuildFile; fileRef = 5276D6F21DD17A1B003F910A /* Main.storyboard */; };
		5276D6F61DD17A1B003F910A /* Assets.xcassets in Resources */ = {isa = PBXBuildFile; fileRef = 5276D6F51DD17A1B003F910A /* Assets.xcassets */; };
		5276D6F91DD17A1B003F910A /* LaunchScreen.storyboard in Resources */ = {isa = PBXBuildFile; fileRef = 5276D6F71DD17A1B003F910A /* LaunchScreen.storyboard */; };
/* End PBXBuildFile section */

/* Begin PBXFileReference section */
		5276D6EB1DD17A1B003F910A /* gitDemoTH.app */ = {isa = PBXFileReference; explicitFileType = wrapper.application; includeInIndex = 0; path = gitDemoTH.app; sourceTree = BUILT_PRODUCTS_DIR; };
		5276D6EE1DD17A1B003F910A /* AppDelegate.swift */ = {isa = PBXFileReference; lastKnownFileType = sourcecode.swift; path = AppDelegate.swift; sourceTree = "<group>"; };
		5276D6F01DD17A1B003F910A /* ViewController.swift */ = {isa = PBXFileReference; lastKnownFileType = sourcecode.swift; path = ViewController.swift; sourceTree = "<group>"; };
		5276D6F31DD17A1B003F910A /* Base */ = {isa = PBXFileReference; lastKnownFileType = file.storyboard; name = Base; path = Base.lproj/Main.storyboard; sourceTree = "<group>"; };
		5276D6F51DD17A1B003F910A /* Assets.xcassets */ = {isa = PBXFileReference; lastKnownFileType = folder.assetcatalog; path = Assets.xcassets; sourceTree = "<group>"; };
		5276D6F81DD17A1B003F910A /* Base */ = {isa = PBXFileReference; lastKnownFileType = file.storyboard; name = Base; path = Base.lproj/LaunchScreen.storyboard; sourceTree = "<group>"; };
		5276D6FA1DD17A1B003F910A /* Info.plist */ = {isa = PBXFileReference; lastKnownFileType = text.plist.xml; path = Info.plist; sourceTree = "<group>"; };
/* End PBXFileReference section */

/* Begin PBXFrameworksBuildPhase section */
		5276D6E81DD17A1B003F910A /* Frameworks */ = {
			isa = PBXFrameworksBuildPhase;
			buildActionMask = 2147483647;
			files = (
			);
			runOnlyForDeploymentPostprocessing = 0;
		};
/* End PBXFrameworksBuildPhase section */

/* Begin PBXGroup section */
		5276D6E21DD17A1B003F910A = {
			isa = PBXGroup;
			children = (
				5276D6ED1DD17A1B003F910A /* gitDemoTH */,
				5276D6EC1DD17A1B003F910A /* Products */,
			);
			sourceTree = "<group>";
		};
		5276D6EC1DD17A1B003F910A /* Products */ = {
			isa = PBXGroup;
			children = (
				5276D6EB1DD17A1B003F910A /* gitDemoTH.app */,
			);
			name = Products;
			sourceTree = "<group>";
		};
		5276D6ED1DD17A1B003F910A /* gitDemoTH */ = {
			isa = PBXGroup;
			children = (
				5276D6EE1DD17A1B003F910A /* AppDelegate.swift */,
				5276D6F01DD17A1B003F910A /* ViewController.swift */,
				5276D6F21DD17A1B003F910A /* Main.storyboard */,
				5276D6F51DD17A1B003F910A /* Assets.xcassets */,
				5276D6F71DD17A1B003F910A /* LaunchScreen.storyboard */,
				5276D6FA1DD17A1B003F910A /* Info.plist */,
			);
			path = gitDemoTH;
			sourceTree = "<group>";
		};
/* End PBXGroup section */

/* Begin PBXNativeTarget section */
		5276D6EA1DD17A1B003F910A /* gitDemoTH */ = {
			isa = PBXNativeTarget;
			buildConfigurationList = 5276D6FD1DD17A1B003F910A /* Build configuration list for PBXNativeTarget "gitDemoTH" */;
			buildPhases = (
				5276D6E71DD17A1B003F910A /* Sources */,
				5276D6E81DD17A1B003F910A /* Frameworks */,
				5276D6E91DD17A1B003F910A /* Resources */,
			);
			buildRules = (
			);
			dependencies = (
			);
			name = gitDemoTH;
			productName = gitDemoTH;
			productReference = 5276D6EB1DD17A1B003F910A /* gitDemoTH.app */;
			productType = "com.apple.product-type.application";
		};
/* End PBXNativeTarget section */

/* Begin PBXProject section */
		5276D6E31DD17A1B003F910A /* Project object */ = {
			isa = PBXProject;
			attributes = {
				LastSwiftUpdateCheck = 0730;
				LastUpgradeCheck = 0730;
				ORGANIZATIONNAME = "Carissa Gasper";
				TargetAttributes = {
					5276D6EA1DD17A1B003F910A = {
						CreatedOnToolsVersion = 7.3.1;
					};
				};
			};
			buildConfigurationList = 5276D6E61DD17A1B003F910A /* Build configuration list for PBXProject "gitDemoTH" */;
			compatibilityVersion = "Xcode 3.2";
			developmentRegion = English;
			hasScannedForEncodings = 0;
			knownRegions = (
				en,
				Base,
			);
			mainGroup = 5276D6E21DD17A1B003F910A;
			productRefGroup = 5276D6EC1DD17A1B003F910A /* Products */;
			projectDirPath = "";
			projectRoot = "";
			targets = (
				5276D6EA1DD17A1B003F910A /* gitDemoTH */,
			);
		};
/* End PBXProject section */

/* Begin PBXResourcesBuildPhase section */
		5276D6E91DD17A1B003F910A /* Resources */ = {
			isa = PBXResourcesBuildPhase;
			buildActionMask = 2147483647;
			files = (
				5276D6F91DD17A1B003F910A /* LaunchScreen.storyboard in Resources */,
				5276D6F61DD17A1B003F910A /* Assets.xcassets in Resources */,
				5276D6F41DD17A1B003F910A /* Main.storyboard in Resources */,
			);
			runOnlyForDeploymentPostprocessing = 0;
		};
/* End PBXResourcesBuildPhase section */

/* Begin PBXSourcesBuildPhase section */
		5276D6E71DD17A1B003F910A /* Sources */ = {
			isa = PBXSourcesBuildPhase;
			buildActionMask = 2147483647;
			files = (
				5276D6F11DD17A1B003F910A /* ViewController.swift in Sources */,
				5276D6EF1DD17A1B003F910A /* AppDelegate.swift in Sources */,
			);
			runOnlyForDeploymentPostprocessing = 0;
		};
/* End PBXSourcesBuildPhase section */

/* Begin PBXVariantGroup section */
		5276D6F21DD17A1B003F910A /* Main.storyboard */ = {
			isa = PBXVariantGroup;
			children = (
				5276D6F31DD17A1B003F910A /* Base */,
			);
			name = Main.storyboard;
			sourceTree = "<group>";
		};
		5276D6F71DD17A1B003F910A /* LaunchScreen.storyboard */ = {
			isa = PBXVariantGroup;
			children = (
				5276D6F81DD17A1B003F910A /* Base */,
			);
			name = LaunchScreen.storyboard;
			sourceTree = "<group>";
		};
/* End PBXVariantGroup section */

/* Begin XCBuildConfiguration section */
		5276D6FB1DD17A1B003F910A /* Debug */ = {
			isa = XCBuildConfiguration;
			buildSettings = {
				ALWAYS_SEARCH_USER_PATHS = NO;
				CLANG_ANALYZER_NONNULL = YES;
				CLANG_CXX_LANGUAGE_STANDARD = "gnu++0x";
				CLANG_CXX_LIBRARY = "libc++";
				CLANG_ENABLE_MODULES = YES;
				CLANG_ENABLE_OBJC_ARC = YES;
				CLANG_WARN_BOOL_CONVERSION = YES;
				CLANG_WARN_CONSTANT_CONVERSION = YES;
				CLANG_WARN_DIRECT_OBJC_ISA_USAGE = YES_ERROR;
				CLANG_WARN_EMPTY_BODY = YES;
				CLANG_WARN_ENUM_CONVERSION = YES;
				CLANG_WARN_INT_CONVERSION = YES;
				CLANG_WARN_OBJC_ROOT_CLASS = YES_ERROR;
				CLANG_WARN_UNREACHABLE_CODE = YES;
				CLANG_WARN__DUPLICATE_METHOD_MATCH = YES;
				"CODE_SIGN_IDENTITY[sdk=iphoneos*]" = "iPhone Developer";
				COPY_PHASE_STRIP = NO;
				DEBUG_INFORMATION_FORMAT = dwarf;
				ENABLE_STRICT_OBJC_MSGSEND = YES;
				ENABLE_TESTABILITY = YES;
				GCC_C_LANGUAGE_STANDARD = gnu99;
				GCC_DYNAMIC_NO_PIC = NO;
				GCC_NO_COMMON_BLOCKS = YES;
				GCC_OPTIMIZATION_LEVEL = 0;
				GCC_PREPROCESSOR_DEFINITIONS = (
					"DEBUG=1",
					"$(inherited)",
				);
				GCC_WARN_64_TO_32_BIT_CONVERSION = YES;
				GCC_WARN_ABOUT_RETURN_TYPE = YES_ERROR;
				GCC_WARN_UNDECLARED_SELECTOR = YES;
				GCC_WARN_UNINITIALIZED_AUTOS = YES_AGGRESSIVE;
				GCC_WARN_UNUSED_FUNCTION = YES;
				GCC_WARN_UNUSED_VARIABLE = YES;
				IPHONEOS_DEPLOYMENT_TARGET = 9.3;
				MTL_ENABLE_DEBUG_INFO = YES;
				ONLY_ACTIVE_ARCH = YES;
				SDKROOT = iphoneos;
				SWIFT_OPTIMIZATION_LEVEL = "-Onone";
			};
			name = Debug;
		};
		5276D6FC1DD17A1B003F910A /* Release */ = {
			isa = XCBuildConfiguration;
			buildSettings = {
				ALWAYS_SEARCH_USER_PATHS = NO;
				CLANG_ANALYZER_NONNULL = YES;
				CLANG_CXX_LANGUAGE_STANDARD = "gnu++0x";
				CLANG_CXX_LIBRARY = "libc++";
				CLANG_ENABLE_MODULES = YES;
				CLANG_ENABLE_OBJC_ARC = YES;
				CLANG_WARN_BOOL_CONVERSION = YES;
				CLANG_WARN_CONSTANT_CONVERSION = YES;
				CLANG_WARN_DIRECT_OBJC_ISA_USAGE = YES_ERROR;
				CLANG_WARN_EMPTY_BODY = YES;
				CLANG_WARN_ENUM_CONVERSION = YES;
				CLANG_WARN_INT_CONVERSION = YES;
				CLANG_WARN_OBJC_ROOT_CLASS = YES_ERROR;
				CLANG_WARN_UNREACHABLE_CODE = YES;
				CLANG_WARN__DUPLICATE_METHOD_MATCH = YES;
				"CODE_SIGN_IDENTITY[sdk=iphoneos*]" = "iPhone Developer";
				COPY_PHASE_STRIP = NO;
				DEBUG_INFORMATION_FORMAT = "dwarf-with-dsym";
				ENABLE_NS_ASSERTIONS = NO;
				ENABLE_STRICT_OBJC_MSGSEND = YES;
				GCC_C_LANGUAGE_STANDARD = gnu99;
				GCC_NO_COMMON_BLOCKS = YES;
				GCC_WARN_64_TO_32_BIT_CONVERSION = YES;
				GCC_WARN_ABOUT_RETURN_TYPE = YES_ERROR;
				GCC_WARN_UNDECLARED_SELECTOR = YES;
				GCC_WARN_UNINITIALIZED_AUTOS = YES_AGGRESSIVE;
				GCC_WARN_UNUSED_FUNCTION = YES;
				GCC_WARN_UNUSED_VARIABLE = YES;
				IPHONEOS_DEPLOYMENT_TARGET = 9.3;
				MTL_ENABLE_DEBUG_INFO = NO;
				SDKROOT = iphoneos;
				VALIDATE_PRODUCT = YES;
			};
			name = Release;
		};
		5276D6FE1DD17A1B003F910A /* Debug */ = {
			isa = XCBuildConfiguration;
			buildSettings = {
				ASSETCATALOG_COMPILER_APPICON_NAME = AppIcon;
				INFOPLIST_FILE = gitDemoTH/Info.plist;
				LD_RUNPATH_SEARCH_PATHS = "$(inherited) @executable_path/Frameworks";
				PRODUCT_BUNDLE_IDENTIFIER = com.FamCoderz.gitDemoTH;
				PRODUCT_NAME = "$(TARGET_NAME)";
			};
			name = Debug;
		};
		5276D6FF1DD17A1B003F910A /* Release */ = {
			isa = XCBuildConfiguration;
			buildSettings = {
				ASSETCATALOG_COMPILER_APPICON_NAME = AppIcon;
				INFOPLIST_FILE = gitDemoTH/Info.plist;
				LD_RUNPATH_SEARCH_PATHS = "$(inherited) @executable_path/Frameworks";
				PRODUCT_BUNDLE_IDENTIFIER = com.FamCoderz.gitDemoTH;
				PRODUCT_NAME = "$(TARGET_NAME)";
			};
			name = Release;
		};
/* End XCBuildConfiguration section */

/* Begin XCConfigurationList section */
		5276D6E61DD17A1B003F910A /* Build configuration list for PBXProject "gitDemoTH" */ = {
			isa = XCConfigurationList;
			buildConfigurations = (
				5276D6FB1DD17A1B003F910A /* Debug */,
				5276D6FC1DD17A1B003F910A /* Release */,
			);
			defaultConfigurationIsVisible = 0;
			defaultConfigurationName = Release;
		};
		5276D6FD1DD17A1B003F910A /* Build configuration list for PBXNativeTarget "gitDemoTH" */ = {
			isa = XCConfigurationList;
			buildConfigurations = (
				5276D6FE1DD17A1B003F910A /* Debug */,
				5276D6FF1DD17A1B003F910A /* Release */,
			);
			defaultConfigurationIsVisible = 0;
		};
/* End XCConfigurationList section */
	};
	rootObject = 5276D6E31DD17A1B003F910A /* Project object */;
}
